
Microsoft Visual Studio Solution File, Format Version 12.00
# Visual Studio Version 16
VisualStudioVersion = 16.0.30804.86
MinimumVisualStudioVersion = 10.0.40219.1
Project("{9A19103F-16F7-4668-BE54-9A1E7A4F7556}") = "SForum", "SForum\SForum.csproj", "{19A7598B-4CD5-41FF-BFD1-C2A56AA559A2}"
EndProject
Project("{9A19103F-16F7-4668-BE54-9A1E7A4F7556}") = "SForum.Data", "SForum.Data\SForum.Data.csproj", "{859DB8EC-63F6-4D49-98B7-4C7AA55407FB}"
EndProject
Project("{9A19103F-16F7-4668-BE54-9A1E7A4F7556}") = "SForum.Service", "SForum.Service\SForum.Service.csproj", "{1C31C752-1662-4F97-8D46-A5B675EE6E5F}"
EndProject
Global
	GlobalSection(SolutionConfigurationPlatforms) = preSolution
		Debug|Any CPU = Debug|Any CPU
		Release|Any CPU = Release|Any CPU
	EndGlobalSection
	GlobalSection(ProjectConfigurationPlatforms) = postSolution
		{19A7598B-4CD5-41FF-BFD1-C2A56AA559A2}.Debug|Any CPU.ActiveCfg = Debug|Any CPU
		{19A7598B-4CD5-41FF-BFD1-C2A56AA559A2}.Debug|Any CPU.Build.0 = Debug|Any CPU
		{19A7598B-4CD5-41FF-BFD1-C2A56AA559A2}.Release|Any CPU.ActiveCfg = Release|Any CPU
		{19A7598B-4CD5-41FF-BFD1-C2A56AA559A2}.Release|Any CPU.Build.0 = Release|Any CPU
		{859DB8EC-63F6-4D49-98B7-4C7AA55407FB}.Debug|Any CPU.ActiveCfg = Debug|Any CPU
		{859DB8EC-63F6-4D49-98B7-4C7AA55407FB}.Debug|Any CPU.Build.0 = Debug|Any CPU
		{859DB8EC-63F6-4D49-98B7-4C7AA55407FB}.Release|Any CPU.ActiveCfg = Release|Any CPU
		{859DB8EC-63F6-4D49-98B7-4C7AA55407FB}.Release|Any CPU.Build.0 = Release|Any CPU
		{1C31C752-1662-4F97-8D46-A5B675EE6E5F}.Debug|Any CPU.ActiveCfg = Debug|Any CPU
		{1C31C752-1662-4F97-8D46-A5B675EE6E5F}.Debug|Any CPU.Build.0 = Debug|Any CPU
		{1C31C752-1662-4F97-8D46-A5B675EE6E5F}.Release|Any CPU.ActiveCfg = Release|Any CPU
		{1C31C752-1662-4F97-8D46-A5B675EE6E5F}.Release|Any CPU.Build.0 = Release|Any CPU
	EndGlobalSection
	GlobalSection(SolutionProperties) = preSolution
		HideSolutionNode = FALSE
	EndGlobalSection
	GlobalSection(ExtensibilityGlobals) = postSolution
		SolutionGuid = {A1649682-1FC8-4C7F-A06B-035056D3CA7C}
	EndGlobalSection
EndGlobal
