
Microsoft Visual Studio Solution File, Format Version 12.00
Project("{FAE04EC0-301F-11D3-BF4B-00C04F79EFBC}") = "StarForum.WebApi", "StarForum.WebApi\StarForum.WebApi.csproj", "{DC1E28A0-5B6B-4215-BD94-48060CF89ADC}"
EndProject
Project("{FAE04EC0-301F-11D3-BF4B-00C04F79EFBC}") = "StarForum.Application", "StarForum.Application\StarForum.Application.csproj", "{1EB2C4F9-641A-4396-9302-80F9D38AC3F3}"
EndProject
Project("{FAE04EC0-301F-11D3-BF4B-00C04F79EFBC}") = "StarForum.Infrastructure", "StarForum.Infrastructure\StarForum.Infrastructure.csproj", "{67D90A91-60AD-42EE-AA2B-3EE19FBDDED0}"
EndProject
Global
	GlobalSection(SolutionConfigurationPlatforms) = preSolution
		Debug|Any CPU = Debug|Any CPU
		Release|Any CPU = Release|Any CPU
	EndGlobalSection
	GlobalSection(ProjectConfigurationPlatforms) = postSolution
		{DC1E28A0-5B6B-4215-BD94-48060CF89ADC}.Debug|Any CPU.ActiveCfg = Debug|Any CPU
		{DC1E28A0-5B6B-4215-BD94-48060CF89ADC}.Debug|Any CPU.Build.0 = Debug|Any CPU
		{DC1E28A0-5B6B-4215-BD94-48060CF89ADC}.Release|Any CPU.ActiveCfg = Release|Any CPU
		{DC1E28A0-5B6B-4215-BD94-48060CF89ADC}.Release|Any CPU.Build.0 = Release|Any CPU
		{1EB2C4F9-641A-4396-9302-80F9D38AC3F3}.Debug|Any CPU.ActiveCfg = Debug|Any CPU
		{1EB2C4F9-641A-4396-9302-80F9D38AC3F3}.Debug|Any CPU.Build.0 = Debug|Any CPU
		{1EB2C4F9-641A-4396-9302-80F9D38AC3F3}.Release|Any CPU.ActiveCfg = Release|Any CPU
		{1EB2C4F9-641A-4396-9302-80F9D38AC3F3}.Release|Any CPU.Build.0 = Release|Any CPU
		{67D90A91-60AD-42EE-AA2B-3EE19FBDDED0}.Debug|Any CPU.ActiveCfg = Debug|Any CPU
		{67D90A91-60AD-42EE-AA2B-3EE19FBDDED0}.Debug|Any CPU.Build.0 = Debug|Any CPU
		{67D90A91-60AD-42EE-AA2B-3EE19FBDDED0}.Release|Any CPU.ActiveCfg = Release|Any CPU
		{67D90A91-60AD-42EE-AA2B-3EE19FBDDED0}.Release|Any CPU.Build.0 = Release|Any CPU
	EndGlobalSection
EndGlobal
