
Microsoft Visual Studio Solution File, Format Version 12.00
# Visual Studio Version 17
VisualStudioVersion = 17.0.32112.339
MinimumVisualStudioVersion = 10.0.40219.1
Project("{9A19103F-16F7-4668-BE54-9A1E7A4F7556}") = "StarForum.WebApi", "StarForum.WebApi\StarForum.WebApi.csproj", "{74BBCC46-3F1B-4B38-93E0-8DC2882139CC}"
EndProject
Project("{9A19103F-16F7-4668-BE54-9A1E7A4F7556}") = "StarForum.Infrastructure", "StarForum.Infrastructure\StarForum.Infrastructure.csproj", "{D322215F-7B6F-47F9-8B87-81E1B2DED413}"
EndProject
Project("{9A19103F-16F7-4668-BE54-9A1E7A4F7556}") = "StarForum.Application", "StarForum.Application\StarForum.Application.csproj", "{49B9A008-658A-4314-AD08-9D3548DA0A3C}"
EndProject
Global
	GlobalSection(SolutionConfigurationPlatforms) = preSolution
		Debug|Any CPU = Debug|Any CPU
		Release|Any CPU = Release|Any CPU
	EndGlobalSection
	GlobalSection(ProjectConfigurationPlatforms) = postSolution
		{74BBCC46-3F1B-4B38-93E0-8DC2882139CC}.Debug|Any CPU.ActiveCfg = Debug|Any CPU
		{74BBCC46-3F1B-4B38-93E0-8DC2882139CC}.Debug|Any CPU.Build.0 = Debug|Any CPU
		{74BBCC46-3F1B-4B38-93E0-8DC2882139CC}.Release|Any CPU.ActiveCfg = Release|Any CPU
		{74BBCC46-3F1B-4B38-93E0-8DC2882139CC}.Release|Any CPU.Build.0 = Release|Any CPU
		{D322215F-7B6F-47F9-8B87-81E1B2DED413}.Debug|Any CPU.ActiveCfg = Debug|Any CPU
		{D322215F-7B6F-47F9-8B87-81E1B2DED413}.Debug|Any CPU.Build.0 = Debug|Any CPU
		{D322215F-7B6F-47F9-8B87-81E1B2DED413}.Release|Any CPU.ActiveCfg = Release|Any CPU
		{D322215F-7B6F-47F9-8B87-81E1B2DED413}.Release|Any CPU.Build.0 = Release|Any CPU
		{49B9A008-658A-4314-AD08-9D3548DA0A3C}.Debug|Any CPU.ActiveCfg = Debug|Any CPU
		{49B9A008-658A-4314-AD08-9D3548DA0A3C}.Debug|Any CPU.Build.0 = Debug|Any CPU
		{49B9A008-658A-4314-AD08-9D3548DA0A3C}.Release|Any CPU.ActiveCfg = Release|Any CPU
		{49B9A008-658A-4314-AD08-9D3548DA0A3C}.Release|Any CPU.Build.0 = Release|Any CPU
	EndGlobalSection
	GlobalSection(SolutionProperties) = preSolution
		HideSolutionNode = FALSE
	EndGlobalSection
	GlobalSection(ExtensibilityGlobals) = postSolution
		SolutionGuid = {A405BFE9-BE74-4B48-A8E5-5EC1A07EA42A}
	EndGlobalSection
EndGlobal
